
Microsoft Visual Studio Solution File, Format Version 12.00
# Visual Studio Version 17
VisualStudioVersion = 17.0.32112.339
MinimumVisualStudioVersion = 10.0.40219.1
Project("{FAE04EC0-301F-11D3-BF4B-00C04F79EFBC}") = "AdventureGame", "AdventureGame\AdventureGame.csproj", "{07EEFBB5-F286-453D-8CAF-441D29C72623}"
EndProject
Global
	GlobalSection(SolutionConfigurationPlatforms) = preSolution
		Debug|Any CPU = Debug|Any CPU
		Release|Any CPU = Release|Any CPU
	EndGlobalSection
	GlobalSection(ProjectConfigurationPlatforms) = postSolution
		{07EEFBB5-F286-453D-8CAF-441D29C72623}.Debug|Any CPU.ActiveCfg = Debug|Any CPU
		{07EEFBB5-F286-453D-8CAF-441D29C72623}.Debug|Any CPU.Build.0 = Debug|Any CPU
		{07EEFBB5-F286-453D-8CAF-441D29C72623}.Release|Any CPU.ActiveCfg = Release|Any CPU
		{07EEFBB5-F286-453D-8CAF-441D29C72623}.Release|Any CPU.Build.0 = Release|Any CPU
	EndGlobalSection
	GlobalSection(SolutionProperties) = preSolution
		HideSolutionNode = FALSE
	EndGlobalSection
	GlobalSection(ExtensibilityGlobals) = postSolution
		SolutionGuid = {61B82A6B-F753-4555-89B2-6E54081DC184}
	EndGlobalSection
EndGlobal
